
Microsoft Visual Studio Solution File, Format Version 12.00
# Visual Studio Version 17
VisualStudioVersion = 17.8.34408.163
MinimumVisualStudioVersion = 10.0.40219.1
Project("{FAE04EC0-301F-11D3-BF4B-00C04F79EFBC}") = "DesignBureau", "DesignBureau\DesignBureau.csproj", "{5C27FD5D-5BD4-496E-91AD-2594F9BC074A}"
EndProject
Project("{FAE04EC0-301F-11D3-BF4B-00C04F79EFBC}") = "DesignBureau.Core", "DesignBureau.Core\DesignBureau.Core.csproj", "{3D4293D4-988B-4DEF-A34B-CB075672DF2B}"
EndProject
Project("{FAE04EC0-301F-11D3-BF4B-00C04F79EFBC}") = "DesignBureau.Infrastructure", "DesignBureau.Infrastructure\DesignBureau.Infrastructure.csproj", "{6CB88CC2-80D0-4DF0-A64E-D4B0C3BCA7F5}"
EndProject
Global
	GlobalSection(SolutionConfigurationPlatforms) = preSolution
		Debug|Any CPU = Debug|Any CPU
		Release|Any CPU = Release|Any CPU
	EndGlobalSection
	GlobalSection(ProjectConfigurationPlatforms) = postSolution
		{5C27FD5D-5BD4-496E-91AD-2594F9BC074A}.Debug|Any CPU.ActiveCfg = Debug|Any CPU
		{5C27FD5D-5BD4-496E-91AD-2594F9BC074A}.Debug|Any CPU.Build.0 = Debug|Any CPU
		{5C27FD5D-5BD4-496E-91AD-2594F9BC074A}.Release|Any CPU.ActiveCfg = Release|Any CPU
		{5C27FD5D-5BD4-496E-91AD-2594F9BC074A}.Release|Any CPU.Build.0 = Release|Any CPU
		{3D4293D4-988B-4DEF-A34B-CB075672DF2B}.Debug|Any CPU.ActiveCfg = Debug|Any CPU
		{3D4293D4-988B-4DEF-A34B-CB075672DF2B}.Debug|Any CPU.Build.0 = Debug|Any CPU
		{3D4293D4-988B-4DEF-A34B-CB075672DF2B}.Release|Any CPU.ActiveCfg = Release|Any CPU
		{3D4293D4-988B-4DEF-A34B-CB075672DF2B}.Release|Any CPU.Build.0 = Release|Any CPU
		{6CB88CC2-80D0-4DF0-A64E-D4B0C3BCA7F5}.Debug|Any CPU.ActiveCfg = Debug|Any CPU
		{6CB88CC2-80D0-4DF0-A64E-D4B0C3BCA7F5}.Debug|Any CPU.Build.0 = Debug|Any CPU
		{6CB88CC2-80D0-4DF0-A64E-D4B0C3BCA7F5}.Release|Any CPU.ActiveCfg = Release|Any CPU
		{6CB88CC2-80D0-4DF0-A64E-D4B0C3BCA7F5}.Release|Any CPU.Build.0 = Release|Any CPU
	EndGlobalSection
	GlobalSection(SolutionProperties) = preSolution
		HideSolutionNode = FALSE
	EndGlobalSection
	GlobalSection(ExtensibilityGlobals) = postSolution
		SolutionGuid = {F5987E3A-50B6-4724-94BE-7FCD1EBC49E6}
	EndGlobalSection
EndGlobal
